dependencies:
  brain-common:
    dependencies: []
    source:
      path: /System/Volumes/Data/code/github/baaahs/sparklemotion/brain/sw/components/brain-common
      type: local
    version: 1.0.0
  brain-ui:
    dependencies: []
    source:
      path: /System/Volumes/Data/code/github/baaahs/sparklemotion/brain/sw/components/brain-ui
      type: local
    version: 1.0.0
  espressif/jsmn:
    component_hash: d80350c41bbaa827c98a25b6072df00884e72f54885996fab4a4f0aebce6b6c3
    dependencies:
    - name: idf
      require: private
      version: '>=4.3'
    source:
      registry_url: https://components.espressif.com/
      type: service
    version: 1.1.0
  espressif/led_strip:
    component_hash: 28c6509a727ef74925b372ed404772aeedf11cce10b78c3f69b3c66799095e2d
    dependencies:
    - name: idf
      require: private
      version: '>=4.4'
    source:
      registry_url: https://components.espressif.com/
      type: service
    version: 2.5.5
  idf:
    source:
      type: idf
    version: 5.3.0
  iso:
    dependencies: []
    source:
      path: /System/Volumes/Data/code/github/baaahs/sparklemotion/brain/sw/components/iso
      type: local
    version: 1.0.0
  led-renderer:
    dependencies: []
    source:
      path: /System/Volumes/Data/code/github/baaahs/sparklemotion/brain/sw/components/led-renderer
      type: local
    version: 1.0.0
  net:
    dependencies: []
    source:
      path: /System/Volumes/Data/code/github/baaahs/sparklemotion/brain/sw/components/net
      type: local
    version: 1.0.0
  sysmon:
    dependencies: []
    source:
      path: /System/Volumes/Data/code/github/baaahs/sparklemotion/brain/sw/components/sysmon
      type: local
    version: 1.0.0
direct_dependencies:
- brain-common
- brain-ui
- espressif/jsmn
- espressif/led_strip
- idf
- iso
- led-renderer
- net
- sysmon
manifest_hash: 292e084fd81612902f1dfbe87181112d689c272fe55869f4cbf692a07545c214
target: esp32
version: 2.0.0
