dependencies:
  espressif/led_strip:
    component_hash: 67d2744208e9c12d8b1992d21c979396c1726e57cb7e35e7c171c515be20f8ea
    source:
      service_url: https://api.components.espressif.com/
      type: service
    version: 2.5.3
  idf:
    component_hash: null
    source:
      type: idf
    version: 5.0.1
manifest_hash: e31557523d100c7f2fca8cd90b379e20cb865ced579708487922eb071473bb24
target: esp32
version: 1.0.0
