# THIS IS AN AUTOGENERATED FILE. DO NOT EDIT THIS FILE DIRECTLY.
# yarn lockfile v1


three@^0.101.1:
  version "0.101.1"
  resolved "https://registry.yarnpkg.com/three/-/three-0.101.1.tgz#e7681ef52f4e572cb84f307f16f540c457030ec6"
  integrity sha512-8ufimUVmRLtH+BTpEIbDjdGEKQOVWLMLgGynaKin1KbYTE136ZNOepJ8EgByi0tN43dQ7B1YrKLCJgXGy4bLmw==
